{
  "originHash" : "ac37da113f71744578b416530f01074a36e550d494214168e75d207f3e6d3d3d",
  "pins" : [
    {
      "identity" : "opensourcecorekit",
      "kind" : "remoteSourceControl",
      "location" : "https://github.com/karthikAdaptavant/OpenSourceCoreKit",
      "state" : {
        "revision" : "4e92ef360949cdd865cc07191e5fe7ccd40a9d44",
        "version" : "0.0.2"
      }
    },
    {
      "identity" : "result",
      "kind" : "remoteSourceControl",
      "location" : "https://github.com/antitypical/Result.git",
      "state" : {
        "revision" : "12920a5c2595926efab9274d6003e29f503dbb66",
        "version" : "5.0.0"
      }
    },
    {
      "identity" : "swinject",
      "kind" : "remoteSourceControl",
      "location" : "https://github.com/Swinject/Swinject.git",
      "state" : {
        "revision" : "be9dbcc7b86811bc131539a20c6f9c2d3e56919f",
        "version" : "2.9.1"
      }
    },
    {
      "identity" : "swinjectautoregistration",
      "kind" : "remoteSourceControl",
      "location" : "https://github.com/Swinject/SwinjectAutoregistration.git",
      "state" : {
        "revision" : "89f9357680ed65dbc95b66732fe3338aca79064a",
        "version" : "2.8.4"
      }
    }
  ],
  "version" : 3
}
